
Microsoft Visual Studio Solution File, Format Version 12.00
# Visual Studio Version 17
VisualStudioVersion = 17.0.31903.59
MinimumVisualStudioVersion = 10.0.40219.1
Project("{FAE04EC0-301F-11D3-BF4B-00C04F79EFBC}") = "Canon.Core", "Canon.Core\Canon.Core.csproj", "{63EC6CDA-0BF2-4DC6-BEC1-5A3083130E89}"
EndProject
Project("{FAE04EC0-301F-11D3-BF4B-00C04F79EFBC}") = "Canon.Console", "Canon.Console\Canon.Console.csproj", "{3D1C0BA2-57F2-41B2-B024-7A0E54A91DA0}"
EndProject
Project("{2150E333-8FDC-42A3-9474-1A3956D46DE8}") = "scripts", "scripts", "{CA16F23D-8355-4956-B929-082F92CE0C21}"
	ProjectSection(SolutionItems) = preProject
		scripts\build.sh = scripts\build.sh
		scripts\integration_test.py = scripts\integration_test.py
		scripts\Dockerfile-build = scripts\Dockerfile-build
		scripts\docker-compose.yaml = scripts\docker-compose.yaml
	EndProjectSection
EndProject
Project("{FAE04EC0-301F-11D3-BF4B-00C04F79EFBC}") = "Canon.Tests", "Canon.Tests\Canon.Tests.csproj", "{E5F2B97B-3766-466D-9309-BA361F0CE15E}"
EndProject
Project("{2150E333-8FDC-42A3-9474-1A3956D46DE8}") = ".gitea", ".gitea", "{AECBE745-8E56-49DE-B85E-CEF14DE65134}"
EndProject
Project("{2150E333-8FDC-42A3-9474-1A3956D46DE8}") = "workflows", "workflows", "{EAA3629C-CD74-4E1F-A7F8-76D1FF0EC925}"
	ProjectSection(SolutionItems) = preProject
		.gitea\workflows\test.yaml = .gitea\workflows\test.yaml
		.gitea\workflows\integration_test.yaml = .gitea\workflows\integration_test.yaml
		.gitea\workflows\build.yaml = .gitea\workflows\build.yaml
	EndProjectSection
EndProject
Project("{FAE04EC0-301F-11D3-BF4B-00C04F79EFBC}") = "Canon.Server", "Canon.Server\Canon.Server.csproj", "{401112EA-1A87-4D1C-9B6D-085309F4137E}"
EndProject
Project("{FAE04EC0-301F-11D3-BF4B-00C04F79EFBC}") = "Canon.Generator", "Canon.Generator\Canon.Generator.csproj", "{32C103C4-589C-4DC2-B173-55B1799B62CE}"
EndProject
Global
	GlobalSection(SolutionConfigurationPlatforms) = preSolution
		Debug|Any CPU = Debug|Any CPU
		Release|Any CPU = Release|Any CPU
	EndGlobalSection
	GlobalSection(SolutionProperties) = preSolution
		HideSolutionNode = FALSE
	EndGlobalSection
	GlobalSection(ProjectConfigurationPlatforms) = postSolution
		{63EC6CDA-0BF2-4DC6-BEC1-5A3083130E89}.Debug|Any CPU.ActiveCfg = Debug|Any CPU
		{63EC6CDA-0BF2-4DC6-BEC1-5A3083130E89}.Debug|Any CPU.Build.0 = Debug|Any CPU
		{63EC6CDA-0BF2-4DC6-BEC1-5A3083130E89}.Release|Any CPU.ActiveCfg = Release|Any CPU
		{63EC6CDA-0BF2-4DC6-BEC1-5A3083130E89}.Release|Any CPU.Build.0 = Release|Any CPU
		{3D1C0BA2-57F2-41B2-B024-7A0E54A91DA0}.Debug|Any CPU.ActiveCfg = Debug|Any CPU
		{3D1C0BA2-57F2-41B2-B024-7A0E54A91DA0}.Debug|Any CPU.Build.0 = Debug|Any CPU
		{3D1C0BA2-57F2-41B2-B024-7A0E54A91DA0}.Release|Any CPU.ActiveCfg = Release|Any CPU
		{3D1C0BA2-57F2-41B2-B024-7A0E54A91DA0}.Release|Any CPU.Build.0 = Release|Any CPU
		{E5F2B97B-3766-466D-9309-BA361F0CE15E}.Debug|Any CPU.ActiveCfg = Debug|Any CPU
		{E5F2B97B-3766-466D-9309-BA361F0CE15E}.Debug|Any CPU.Build.0 = Debug|Any CPU
		{E5F2B97B-3766-466D-9309-BA361F0CE15E}.Release|Any CPU.ActiveCfg = Release|Any CPU
		{E5F2B97B-3766-466D-9309-BA361F0CE15E}.Release|Any CPU.Build.0 = Release|Any CPU
		{401112EA-1A87-4D1C-9B6D-085309F4137E}.Debug|Any CPU.ActiveCfg = Debug|Any CPU
		{401112EA-1A87-4D1C-9B6D-085309F4137E}.Debug|Any CPU.Build.0 = Debug|Any CPU
		{401112EA-1A87-4D1C-9B6D-085309F4137E}.Release|Any CPU.ActiveCfg = Release|Any CPU
		{401112EA-1A87-4D1C-9B6D-085309F4137E}.Release|Any CPU.Build.0 = Release|Any CPU
		{32C103C4-589C-4DC2-B173-55B1799B62CE}.Debug|Any CPU.ActiveCfg = Debug|Any CPU
		{32C103C4-589C-4DC2-B173-55B1799B62CE}.Debug|Any CPU.Build.0 = Debug|Any CPU
		{32C103C4-589C-4DC2-B173-55B1799B62CE}.Release|Any CPU.ActiveCfg = Release|Any CPU
		{32C103C4-589C-4DC2-B173-55B1799B62CE}.Release|Any CPU.Build.0 = Release|Any CPU
	EndGlobalSection
	GlobalSection(NestedProjects) = preSolution
		{EAA3629C-CD74-4E1F-A7F8-76D1FF0EC925} = {AECBE745-8E56-49DE-B85E-CEF14DE65134}
	EndGlobalSection
EndGlobal
